
Microsoft Visual Studio Solution File, Format Version 12.00
# Visual Studio Version 16
VisualStudioVersion = 16.0.30413.136
MinimumVisualStudioVersion = 10.0.40219.1
Project("{FAE04EC0-301F-11D3-BF4B-00C04F79EFBC}") = "BHHCApp.Web", "BHHCApp.Web\BHHCApp.Web.csproj", "{5EEF2ABF-6C0C-46CE-878F-CE63109E7376}"
EndProject
Project("{FAE04EC0-301F-11D3-BF4B-00C04F79EFBC}") = "BHHCApp.Infrastructure", "BHHCApp.Infrastructure\BHHCApp.Infrastructure.csproj", "{6868B27D-B516-4E0D-9CD7-CEB9449469A0}"
EndProject
Project("{FAE04EC0-301F-11D3-BF4B-00C04F79EFBC}") = "BHHCApp.API", "BHHCApp.API\BHHCApp.API.csproj", "{8F2222CD-6A98-4BA5-A764-B3EC04E00BD8}"
EndProject
Project("{FAE04EC0-301F-11D3-BF4B-00C04F79EFBC}") = "BHHCApp.Core", "BHHCApp.Core\BHHCApp.Core.csproj", "{829D20BE-4DA1-482A-B53F-8CC71CD7CB96}"
EndProject
Project("{FAE04EC0-301F-11D3-BF4B-00C04F79EFBC}") = "BHHCApp.Services", "BHHCApp.Services\BHHCApp.Services.csproj", "{DCA06817-544E-45A1-A134-020BEE2EBDF5}"
EndProject
Global
	GlobalSection(SolutionConfigurationPlatforms) = preSolution
		Debug|Any CPU = Debug|Any CPU
		Release|Any CPU = Release|Any CPU
	EndGlobalSection
	GlobalSection(ProjectConfigurationPlatforms) = postSolution
		{5EEF2ABF-6C0C-46CE-878F-CE63109E7376}.Debug|Any CPU.ActiveCfg = Debug|Any CPU
		{5EEF2ABF-6C0C-46CE-878F-CE63109E7376}.Debug|Any CPU.Build.0 = Debug|Any CPU
		{5EEF2ABF-6C0C-46CE-878F-CE63109E7376}.Release|Any CPU.ActiveCfg = Release|Any CPU
		{5EEF2ABF-6C0C-46CE-878F-CE63109E7376}.Release|Any CPU.Build.0 = Release|Any CPU
		{6868B27D-B516-4E0D-9CD7-CEB9449469A0}.Debug|Any CPU.ActiveCfg = Debug|Any CPU
		{6868B27D-B516-4E0D-9CD7-CEB9449469A0}.Debug|Any CPU.Build.0 = Debug|Any CPU
		{6868B27D-B516-4E0D-9CD7-CEB9449469A0}.Release|Any CPU.ActiveCfg = Release|Any CPU
		{6868B27D-B516-4E0D-9CD7-CEB9449469A0}.Release|Any CPU.Build.0 = Release|Any CPU
		{8F2222CD-6A98-4BA5-A764-B3EC04E00BD8}.Debug|Any CPU.ActiveCfg = Debug|Any CPU
		{8F2222CD-6A98-4BA5-A764-B3EC04E00BD8}.Debug|Any CPU.Build.0 = Debug|Any CPU
		{8F2222CD-6A98-4BA5-A764-B3EC04E00BD8}.Release|Any CPU.ActiveCfg = Release|Any CPU
		{8F2222CD-6A98-4BA5-A764-B3EC04E00BD8}.Release|Any CPU.Build.0 = Release|Any CPU
		{829D20BE-4DA1-482A-B53F-8CC71CD7CB96}.Debug|Any CPU.ActiveCfg = Debug|Any CPU
		{829D20BE-4DA1-482A-B53F-8CC71CD7CB96}.Debug|Any CPU.Build.0 = Debug|Any CPU
		{829D20BE-4DA1-482A-B53F-8CC71CD7CB96}.Release|Any CPU.ActiveCfg = Release|Any CPU
		{829D20BE-4DA1-482A-B53F-8CC71CD7CB96}.Release|Any CPU.Build.0 = Release|Any CPU
		{DCA06817-544E-45A1-A134-020BEE2EBDF5}.Debug|Any CPU.ActiveCfg = Debug|Any CPU
		{DCA06817-544E-45A1-A134-020BEE2EBDF5}.Debug|Any CPU.Build.0 = Debug|Any CPU
		{DCA06817-544E-45A1-A134-020BEE2EBDF5}.Release|Any CPU.ActiveCfg = Release|Any CPU
		{DCA06817-544E-45A1-A134-020BEE2EBDF5}.Release|Any CPU.Build.0 = Release|Any CPU
	EndGlobalSection
	GlobalSection(SolutionProperties) = preSolution
		HideSolutionNode = FALSE
	EndGlobalSection
	GlobalSection(ExtensibilityGlobals) = postSolution
		SolutionGuid = {F124B2D1-CA5E-42AE-8FCC-6B8B5D2133ED}
	EndGlobalSection
EndGlobal
